Microsoft Visual Studio Solution File, Format Version 12.00
# Visual Studio Version 17
VisualStudioVersion = 17.0.31903.59
MinimumVisualStudioVersion = 10.0.40219.1
Project("{4BBA178D-CEAE-4072-BED9-1675616E515B}") = "Project_84552f988e35421ca034be8e8892bfcd_20250601200320618648", "Project_84552f988e35421ca034be8e8892bfcd_20250601200320618648.csproj", "{4BBA178D-CEAE-4072-BED9-1675616E515B}"
EndProject
Global
    GlobalSection(SolutionConfigurationPlatforms) = preSolution
        Debug|Any CPU = Debug|Any CPU
        Release|Any CPU = Release|Any CPU
    EndGlobalSection
    GlobalSection(ProjectConfigurationPlatforms) = postSolution
        {4BBA178D-CEAE-4072-BED9-1675616E515B}.Debug|Any CPU.ActiveCfg = Debug|Any CPU
        {4BBA178D-CEAE-4072-BED9-1675616E515B}.Debug|Any CPU.Build.0 = Debug|Any CPU
        {4BBA178D-CEAE-4072-BED9-1675616E515B}.Release|Any CPU.ActiveCfg = Release|Any CPU
        {4BBA178D-CEAE-4072-BED9-1675616E515B}.Release|Any CPU.Build.0 = Release|Any CPU
    EndGlobalSection
EndGlobal